
Microsoft Visual Studio Solution File, Format Version 12.00
# Visual Studio Version 16
VisualStudioVersion = 16.0.29102.190
MinimumVisualStudioVersion = 10.0.40219.1
Project("{FAE04EC0-301F-11D3-BF4B-00C04F79EFBC}") = "MirkoSale-MySQL", "MirkoSale-Proj1\MirkoSale-MySQL.csproj", "{C108BCA1-53DA-4DE2-B4AC-85783188AD92}"
EndProject
Global
	GlobalSection(SolutionConfigurationPlatforms) = preSolution
		Debug|Any CPU = Debug|Any CPU
		Release|Any CPU = Release|Any CPU
	EndGlobalSection
	GlobalSection(ProjectConfigurationPlatforms) = postSolution
		{C108BCA1-53DA-4DE2-B4AC-85783188AD92}.Debug|Any CPU.ActiveCfg = Debug|Any CPU
		{C108BCA1-53DA-4DE2-B4AC-85783188AD92}.Debug|Any CPU.Build.0 = Debug|Any CPU
		{C108BCA1-53DA-4DE2-B4AC-85783188AD92}.Release|Any CPU.ActiveCfg = Release|Any CPU
		{C108BCA1-53DA-4DE2-B4AC-85783188AD92}.Release|Any CPU.Build.0 = Release|Any CPU
	EndGlobalSection
	GlobalSection(SolutionProperties) = preSolution
		HideSolutionNode = FALSE
	EndGlobalSection
	GlobalSection(ExtensibilityGlobals) = postSolution
		SolutionGuid = {A3492B8C-9263-43B7-BD76-EB36DB4C0A0A}
	EndGlobalSection
EndGlobal
